
Microsoft Visual Studio Solution File, Format Version 12.00
# Visual Studio Version 16
VisualStudioVersion = 16.0.30804.86
MinimumVisualStudioVersion = 10.0.40219.1
Project("{9A19103F-16F7-4668-BE54-9A1E7A4F7556}") = "KidsPuzzles", "MVSCRUDWithOutEF\KidsPuzzles.csproj", "{6BDF406C-F774-4CBF-9CB2-287CBEF45DF3}"
EndProject
Project("{FAE04EC0-301F-11D3-BF4B-00C04F79EFBC}") = "KidsPuzzles.Test", "KidsPuzzles.Test\KidsPuzzles.Test.csproj", "{48409690-89DB-461A-BFC8-36AB26DB4F6D}"
EndProject
Global
	GlobalSection(SolutionConfigurationPlatforms) = preSolution
		Debug|Any CPU = Debug|Any CPU
		Release|Any CPU = Release|Any CPU
	EndGlobalSection
	GlobalSection(ProjectConfigurationPlatforms) = postSolution
		{6BDF406C-F774-4CBF-9CB2-287CBEF45DF3}.Debug|Any CPU.ActiveCfg = Debug|Any CPU
		{6BDF406C-F774-4CBF-9CB2-287CBEF45DF3}.Debug|Any CPU.Build.0 = Debug|Any CPU
		{6BDF406C-F774-4CBF-9CB2-287CBEF45DF3}.Release|Any CPU.ActiveCfg = Release|Any CPU
		{6BDF406C-F774-4CBF-9CB2-287CBEF45DF3}.Release|Any CPU.Build.0 = Release|Any CPU
		{48409690-89DB-461A-BFC8-36AB26DB4F6D}.Debug|Any CPU.ActiveCfg = Debug|Any CPU
		{48409690-89DB-461A-BFC8-36AB26DB4F6D}.Debug|Any CPU.Build.0 = Debug|Any CPU
		{48409690-89DB-461A-BFC8-36AB26DB4F6D}.Release|Any CPU.ActiveCfg = Release|Any CPU
		{48409690-89DB-461A-BFC8-36AB26DB4F6D}.Release|Any CPU.Build.0 = Release|Any CPU
	EndGlobalSection
	GlobalSection(SolutionProperties) = preSolution
		HideSolutionNode = FALSE
	EndGlobalSection
	GlobalSection(ExtensibilityGlobals) = postSolution
		SolutionGuid = {9D9B57FC-3469-4197-8839-1F590C72C4C6}
	EndGlobalSection
EndGlobal
